
Microsoft Visual Studio Solution File, Format Version 12.00
# Visual Studio 2012
Project("{FAE04EC0-301F-11D3-BF4B-00C04F79EFBC}") = "wfProjetoDjisktra", "wfProjetoDjisktra\wfProjetoDjisktra.csproj", "{6725AA02-1A82-4B40-87F1-95716B0DFBE2}"
EndProject
Project("{2150E333-8FDC-42A3-9474-1A3956D46DE8}") = "Solution Items", "Solution Items", "{3FADD184-B50D-49F8-B555-11F393B66235}"
EndProject
Global
	GlobalSection(SolutionConfigurationPlatforms) = preSolution
		Debug|Any CPU = Debug|Any CPU
		Release|Any CPU = Release|Any CPU
	EndGlobalSection
	GlobalSection(ProjectConfigurationPlatforms) = postSolution
		{6725AA02-1A82-4B40-87F1-95716B0DFBE2}.Debug|Any CPU.ActiveCfg = Debug|Any CPU
		{6725AA02-1A82-4B40-87F1-95716B0DFBE2}.Debug|Any CPU.Build.0 = Debug|Any CPU
		{6725AA02-1A82-4B40-87F1-95716B0DFBE2}.Release|Any CPU.ActiveCfg = Release|Any CPU
		{6725AA02-1A82-4B40-87F1-95716B0DFBE2}.Release|Any CPU.Build.0 = Release|Any CPU
	EndGlobalSection
	GlobalSection(SolutionProperties) = preSolution
		HideSolutionNode = FALSE
	EndGlobalSection
EndGlobal
